
Microsoft Visual Studio Solution File, Format Version 12.00
# Visual Studio Version 16
VisualStudioVersion = 16.0.28729.10
MinimumVisualStudioVersion = 10.0.40219.1
Project("{FAE04EC0-301F-11D3-BF4B-00C04F79EFBC}") = "HairSlonManagementProject", "HairSlonManagementProject\HairSlonManagementProject.csproj", "{3E3A9351-E819-4E1A-92B1-9D0997007655}"
EndProject
Global
	GlobalSection(SolutionConfigurationPlatforms) = preSolution
		Debug|Any CPU = Debug|Any CPU
		Release|Any CPU = Release|Any CPU
	EndGlobalSection
	GlobalSection(ProjectConfigurationPlatforms) = postSolution
		{3E3A9351-E819-4E1A-92B1-9D0997007655}.Debug|Any CPU.ActiveCfg = Debug|Any CPU
		{3E3A9351-E819-4E1A-92B1-9D0997007655}.Debug|Any CPU.Build.0 = Debug|Any CPU
		{3E3A9351-E819-4E1A-92B1-9D0997007655}.Release|Any CPU.ActiveCfg = Release|Any CPU
		{3E3A9351-E819-4E1A-92B1-9D0997007655}.Release|Any CPU.Build.0 = Release|Any CPU
	EndGlobalSection
	GlobalSection(SolutionProperties) = preSolution
		HideSolutionNode = FALSE
	EndGlobalSection
	GlobalSection(ExtensibilityGlobals) = postSolution
		SolutionGuid = {C6FA6F6B-900A-4568-B717-9F09DB9BEEDB}
	EndGlobalSection
EndGlobal
